
Microsoft Visual Studio Solution File, Format Version 12.00
# Visual Studio Version 16
VisualStudioVersion = 16.0.31005.135
MinimumVisualStudioVersion = 10.0.40219.1
Project("{FAE04EC0-301F-11D3-BF4B-00C04F79EFBC}") = "WebService1802", "WebService1802\WebService1802.csproj", "{D5717E12-0214-4EF1-8B4A-7AE35C8D7FF9}"
EndProject
Global
	GlobalSection(SolutionConfigurationPlatforms) = preSolution
		Debug|Any CPU = Debug|Any CPU
		Release|Any CPU = Release|Any CPU
	EndGlobalSection
	GlobalSection(ProjectConfigurationPlatforms) = postSolution
		{D5717E12-0214-4EF1-8B4A-7AE35C8D7FF9}.Debug|Any CPU.ActiveCfg = Debug|Any CPU
		{D5717E12-0214-4EF1-8B4A-7AE35C8D7FF9}.Debug|Any CPU.Build.0 = Debug|Any CPU
		{D5717E12-0214-4EF1-8B4A-7AE35C8D7FF9}.Release|Any CPU.ActiveCfg = Release|Any CPU
		{D5717E12-0214-4EF1-8B4A-7AE35C8D7FF9}.Release|Any CPU.Build.0 = Release|Any CPU
	EndGlobalSection
	GlobalSection(SolutionProperties) = preSolution
		HideSolutionNode = FALSE
	EndGlobalSection
	GlobalSection(ExtensibilityGlobals) = postSolution
		SolutionGuid = {D19D0828-1CF9-4639-83EC-100C036C3D45}
	EndGlobalSection
EndGlobal
